// !$*UTF8*$!
{
	archiveVersion = 1;
	classes = {
	};
	objectVersion = 46;
	objects = {

/* Begin PBXBuildFile section */
		22EF29891B744AED0013FA2E /* JamomaTest_SampleBundle.cpp in Sources */ = {isa = PBXBuildFile; fileRef = 22EF29881B744AED0013FA2E /* JamomaTest_SampleBundle.cpp */; };
/* End PBXBuildFile section */

/* Begin PBXCopyFilesBuildPhase section */
		2271EAF51AC5C97C00F1B0C0 /* CopyFiles */ = {
			isa = PBXCopyFilesBuildPhase;
			buildActionMask = 2147483647;
			dstPath = /usr/share/man/man1/;
			dstSubfolderSpec = 0;
			files = (
			);
			runOnlyForDeploymentPostprocessing = 1;
		};
/* End PBXCopyFilesBuildPhase section */

/* Begin PBXFileReference section */
		2271EAF71AC5C97C00F1B0C0 /* JamomaExperiments */ = {isa = PBXFileReference; explicitFileType = "compiled.mach-o.executable"; includeInIndex = 0; name = JamomaExperiments; path = UnitTest; sourceTree = BUILT_PRODUCTS_DIR; };
		22EF26FC1B7054680013FA2E /* example.cpp */ = {isa = PBXFileReference; lastKnownFileType = sourcecode.cpp.cpp; path = example.cpp; sourceTree = "<group>"; };
		22EF26FD1B7054680013FA2E /* Makefile */ = {isa = PBXFileReference; lastKnownFileType = sourcecode.make; path = Makefile; sourceTree = "<group>"; };
		22EF26FE1B7054680013FA2E /* MersenneTwister.h */ = {isa = PBXFileReference; lastKnownFileType = sourcecode.c.h; path = MersenneTwister.h; sourceTree = "<group>"; };
		22EF26FF1B7054680013FA2E /* MersenneTwister.html */ = {isa = PBXFileReference; lastKnownFileType = text.html; path = MersenneTwister.html; sourceTree = "<group>"; };
		22EF27001B7054680013FA2E /* Random.jpg */ = {isa = PBXFileReference; lastKnownFileType = image.jpeg; path = Random.jpg; sourceTree = "<group>"; };
		22EF27011B7054680013FA2E /* README */ = {isa = PBXFileReference; lastKnownFileType = text; path = README; sourceTree = "<group>"; };
		22EF27041B7054680013FA2E /* Bedaux.cpp */ = {isa = PBXFileReference; lastKnownFileType = sourcecode.cpp.cpp; path = Bedaux.cpp; sourceTree = "<group>"; };
		22EF27051B7054680013FA2E /* mtrand.cpp */ = {isa = PBXFileReference; lastKnownFileType = sourcecode.cpp.cpp; path = mtrand.cpp; sourceTree = "<group>"; };
		22EF27061B7054680013FA2E /* mtrand.h */ = {isa = PBXFileReference; lastKnownFileType = sourcecode.c.h; path = mtrand.h; sourceTree = "<group>"; };
		22EF27081B7054680013FA2E /* Blevins.cpp */ = {isa = PBXFileReference; lastKnownFileType = sourcecode.cpp.cpp; path = Blevins.cpp; sourceTree = "<group>"; };
		22EF27091B7054680013FA2E /* mt.cc */ = {isa = PBXFileReference; lastKnownFileType = sourcecode.cpp.cpp; path = mt.cc; sourceTree = "<group>"; };
		22EF270A1B7054680013FA2E /* mt.h */ = {isa = PBXFileReference; lastKnownFileType = sourcecode.c.h; path = mt.h; sourceTree = "<group>"; };
		22EF270C1B7054680013FA2E /* Cokus.cpp */ = {isa = PBXFileReference; lastKnownFileType = sourcecode.cpp.cpp; path = Cokus.cpp; sourceTree = "<group>"; };
		22EF270D1B7054680013FA2E /* mt19937ar-cok.c */ = {isa = PBXFileReference; lastKnownFileType = sourcecode.c.c; path = "mt19937ar-cok.c"; sourceTree = "<group>"; };
		22EF270F1B7054680013FA2E /* Kuenning.cpp */ = {isa = PBXFileReference; lastKnownFileType = sourcecode.cpp.cpp; path = Kuenning.cpp; sourceTree = "<group>"; };
		22EF27101B7054680013FA2E /* mtwist.c */ = {isa = PBXFileReference; lastKnownFileType = sourcecode.c.c; path = mtwist.c; sourceTree = "<group>"; };
		22EF27111B7054680013FA2E /* mtwist.h */ = {isa = PBXFileReference; lastKnownFileType = sourcecode.c.h; path = mtwist.h; sourceTree = "<group>"; };
		22EF27131B7054680013FA2E /* Ladd.cpp */ = {isa = PBXFileReference; lastKnownFileType = sourcecode.cpp.cpp; path = Ladd.cpp; sourceTree = "<group>"; };
		22EF27141B7054680013FA2E /* mtprng.cpp */ = {isa = PBXFileReference; lastKnownFileType = sourcecode.cpp.cpp; path = mtprng.cpp; sourceTree = "<group>"; };
		22EF27151B7054680013FA2E /* mtprng.h */ = {isa = PBXFileReference; lastKnownFileType = sourcecode.c.h; path = mtprng.h; sourceTree = "<group>"; };
		22EF27161B7054680013FA2E /* Makefile */ = {isa = PBXFileReference; lastKnownFileType = sourcecode.make; path = Makefile; sourceTree = "<group>"; };
		22EF27181B7054680013FA2E /* mt19937ar.c */ = {isa = PBXFileReference; lastKnownFileType = sourcecode.c.c; path = mt19937ar.c; sourceTree = "<group>"; };
		22EF27191B7054680013FA2E /* Original.cpp */ = {isa = PBXFileReference; lastKnownFileType = sourcecode.cpp.cpp; path = Original.cpp; sourceTree = "<group>"; };
		22EF271A1B7054680013FA2E /* Reference.out */ = {isa = PBXFileReference; lastKnownFileType = text; path = Reference.out; sourceTree = "<group>"; };
		22EF271B1B7054680013FA2E /* Results.sh */ = {isa = PBXFileReference; lastKnownFileType = text.script.sh; path = Results.sh; sourceTree = "<group>"; };
		22EF271D1B7054680013FA2E /* Standard.cpp */ = {isa = PBXFileReference; lastKnownFileType = sourcecode.cpp.cpp; path = Standard.cpp; sourceTree = "<group>"; };
		22EF271F1B7054680013FA2E /* Wagner.cpp */ = {isa = PBXFileReference; lastKnownFileType = sourcecode.cpp.cpp; path = Wagner.cpp; sourceTree = "<group>"; };
		22EF27211B7054680013FA2E /* mtrnd.h */ = {isa = PBXFileReference; lastKnownFileType = sourcecode.c.h; path = mtrnd.h; sourceTree = "<group>"; };
		22EF27221B7054680013FA2E /* Yang.cpp */ = {isa = PBXFileReference; lastKnownFileType = sourcecode.cpp.cpp; path = Yang.cpp; sourceTree = "<group>"; };
		22EF272A1B7054680013FA2E /* main.cpp */ = {isa = PBXFileReference; lastKnownFileType = sourcecode.cpp.cpp; path = main.cpp; sourceTree = "<group>"; };
		22EF272B1B7054680013FA2E /* Murmur3.h */ = {isa = PBXFileReference; lastKnownFileType = sourcecode.c.h; path = Murmur3.h; sourceTree = "<group>"; };
		22EF272E1B7054680013FA2E /* pa_asio.h */ = {isa = PBXFileReference; lastKnownFileType = sourcecode.c.h; path = pa_asio.h; sourceTree = "<group>"; };
		22EF272F1B7054680013FA2E /* pa_jack.h */ = {isa = PBXFileReference; lastKnownFileType = sourcecode.c.h; path = pa_jack.h; sourceTree = "<group>"; };
		22EF27301B7054680013FA2E /* pa_linux_alsa.h */ = {isa = PBXFileReference; lastKnownFileType = sourcecode.c.h; path = pa_linux_alsa.h; sourceTree = "<group>"; };
		22EF27311B7054680013FA2E /* pa_mac_core.h */ = {isa = PBXFileReference; lastKnownFileType = sourcecode.c.h; path = pa_mac_core.h; sourceTree = "<group>"; };
		22EF27321B7054680013FA2E /* pa_win_ds.h */ = {isa = PBXFileReference; lastKnownFileType = sourcecode.c.h; path = pa_win_ds.h; sourceTree = "<group>"; };
		22EF27331B7054680013FA2E /* pa_win_wasapi.h */ = {isa = PBXFileReference; lastKnownFileType = sourcecode.c.h; path = pa_win_wasapi.h; sourceTree = "<group>"; };
		22EF27341B7054680013FA2E /* pa_win_waveformat.h */ = {isa = PBXFileReference; lastKnownFileType = sourcecode.c.h; path = pa_win_waveformat.h; sourceTree = "<group>"; };
		22EF27351B7054680013FA2E /* pa_win_wdmks.h */ = {isa = PBXFileReference; lastKnownFileType = sourcecode.c.h; path = pa_win_wdmks.h; sourceTree = "<group>"; };
		22EF27361B7054680013FA2E /* pa_win_wmme.h */ = {isa = PBXFileReference; lastKnownFileType = sourcecode.c.h; path = pa_win_wmme.h; sourceTree = "<group>"; };
		22EF27371B7054680013FA2E /* portaudio.h */ = {isa = PBXFileReference; lastKnownFileType = sourcecode.c.h; path = portaudio.h; sourceTree = "<group>"; };
		22EF27381B7054680013FA2E /* libportaudio.a */ = {isa = PBXFileReference; lastKnownFileType = archive.ar; path = libportaudio.a; sourceTree = "<group>"; };
		22EF273A1B7054680013FA2E /* .gitignore */ = {isa = PBXFileReference; lastKnownFileType = text; path = .gitignore; sourceTree = "<group>"; };
		22EF273B1B7054680013FA2E /* atomicops.h */ = {isa = PBXFileReference; lastKnownFileType = sourcecode.c.h; path = atomicops.h; sourceTree = "<group>"; };
		22EF273D1B7054680013FA2E /* bench.cpp */ = {isa = PBXFileReference; lastKnownFileType = sourcecode.cpp.cpp; path = bench.cpp; sourceTree = "<group>"; };
		22EF27401B7054680013FA2E /* spscqueue.h */ = {isa = PBXFileReference; lastKnownFileType = sourcecode.c.h; path = spscqueue.h; sourceTree = "<group>"; };
		22EF27421B7054680013FA2E /* ProducerConsumerQueue.h */ = {isa = PBXFileReference; lastKnownFileType = sourcecode.c.h; path = ProducerConsumerQueue.h; sourceTree = "<group>"; };
		22EF27431B7054680013FA2E /* makefile */ = {isa = PBXFileReference; lastKnownFileType = sourcecode.make; path = makefile; sourceTree = "<group>"; };
		22EF27451B7054680013FA2E /* winbench-intel.vcxproj */ = {isa = PBXFileReference; lastKnownFileType = text.xml; path = "winbench-intel.vcxproj"; sourceTree = "<group>"; };
		22EF27461B7054680013FA2E /* winbench-intel.vcxproj.filters */ = {isa = PBXFileReference; lastKnownFileType = text.xml; path = "winbench-intel.vcxproj.filters"; sourceTree = "<group>"; };
		22EF27471B7054680013FA2E /* winbench.sln */ = {isa = PBXFileReference; lastKnownFileType = text; path = winbench.sln; sourceTree = "<group>"; };
		22EF27481B7054680013FA2E /* winbench.vcxproj */ = {isa = PBXFileReference; lastKnownFileType = text.xml; path = winbench.vcxproj; sourceTree = "<group>"; };
		22EF27491B7054680013FA2E /* winbench.vcxproj.filters */ = {isa = PBXFileReference; lastKnownFileType = text.xml; path = winbench.vcxproj.filters; sourceTree = "<group>"; };
		22EF274B1B7054680013FA2E /* winbench-intel.vcxproj */ = {isa = PBXFileReference; lastKnownFileType = text.xml; path = "winbench-intel.vcxproj"; sourceTree = "<group>"; };
		22EF274C1B7054680013FA2E /* winbench-intel.vcxproj.filters */ = {isa = PBXFileReference; lastKnownFileType = text.xml; path = "winbench-intel.vcxproj.filters"; sourceTree = "<group>"; };
		22EF274D1B7054680013FA2E /* winbench.sln */ = {isa = PBXFileReference; lastKnownFileType = text; path = winbench.sln; sourceTree = "<group>"; };
		22EF274E1B7054680013FA2E /* winbench.vcxproj */ = {isa = PBXFileReference; lastKnownFileType = text.xml; path = winbench.vcxproj; sourceTree = "<group>"; };
		22EF274F1B7054680013FA2E /* winbench.vcxproj.filters */ = {isa = PBXFileReference; lastKnownFileType = text.xml; path = winbench.vcxproj.filters; sourceTree = "<group>"; };
		22EF27501B7054680013FA2E /* systemtime.cpp */ = {isa = PBXFileReference; lastKnownFileType = sourcecode.cpp.cpp; path = systemtime.cpp; sourceTree = "<group>"; };
		22EF27511B7054680013FA2E /* systemtime.h */ = {isa = PBXFileReference; lastKnownFileType = sourcecode.c.h; path = systemtime.h; sourceTree = "<group>"; };
		22EF27521B7054680013FA2E /* LICENSE.md */ = {isa = PBXFileReference; lastKnownFileType = net.daringfireball.markdown; path = LICENSE.md; sourceTree = "<group>"; };
		22EF27531B7054680013FA2E /* readerwriterqueue.h */ = {isa = PBXFileReference; lastKnownFileType = sourcecode.c.h; path = readerwriterqueue.h; sourceTree = "<group>"; };
		22EF27541B7054680013FA2E /* README.md */ = {isa = PBXFileReference; lastKnownFileType = net.daringfireball.markdown; path = README.md; sourceTree = "<group>"; };
		22EF27571B7054680013FA2E /* simplethread.cpp */ = {isa = PBXFileReference; lastKnownFileType = sourcecode.cpp.cpp; path = simplethread.cpp; sourceTree = "<group>"; };
		22EF27581B7054680013FA2E /* simplethread.h */ = {isa = PBXFileReference; lastKnownFileType = sourcecode.c.h; path = simplethread.h; sourceTree = "<group>"; };
		22EF275A1B7054680013FA2E /* makefile */ = {isa = PBXFileReference; lastKnownFileType = sourcecode.make; path = makefile; sourceTree = "<group>"; };
		22EF275C1B7054680013FA2E /* stabtest.sln */ = {isa = PBXFileReference; lastKnownFileType = text; path = stabtest.sln; sourceTree = "<group>"; };
		22EF275D1B7054680013FA2E /* stabtest.vcxproj */ = {isa = PBXFileReference; lastKnownFileType = text.xml; path = stabtest.vcxproj; sourceTree = "<group>"; };
		22EF275E1B7054680013FA2E /* stabtest.vcxproj.filters */ = {isa = PBXFileReference; lastKnownFileType = text.xml; path = stabtest.vcxproj.filters; sourceTree = "<group>"; };
		22EF27601B7054680013FA2E /* stabtest.sln */ = {isa = PBXFileReference; lastKnownFileType = text; path = stabtest.sln; sourceTree = "<group>"; };
		22EF27611B7054680013FA2E /* stabtest.vcxproj */ = {isa = PBXFileReference; lastKnownFileType = text.xml; path = stabtest.vcxproj; sourceTree = "<group>"; };
		22EF27621B7054680013FA2E /* stabtest.vcxproj.filters */ = {isa = PBXFileReference; lastKnownFileType = text.xml; path = stabtest.vcxproj.filters; sourceTree = "<group>"; };
		22EF27631B7054680013FA2E /* stabtest.cpp */ = {isa = PBXFileReference; lastKnownFileType = sourcecode.cpp.cpp; path = stabtest.cpp; sourceTree = "<group>"; };
		22EF27651B7054680013FA2E /* makefile */ = {isa = PBXFileReference; lastKnownFileType = sourcecode.make; path = makefile; sourceTree = "<group>"; };
		22EF27661B7054680013FA2E /* minitest.h */ = {isa = PBXFileReference; lastKnownFileType = sourcecode.c.h; path = minitest.h; sourceTree = "<group>"; };
		22EF27681B7054680013FA2E /* unittests.sln */ = {isa = PBXFileReference; lastKnownFileType = text; path = unittests.sln; sourceTree = "<group>"; };
		22EF27691B7054680013FA2E /* unittests.vcxproj */ = {isa = PBXFileReference; lastKnownFileType = text.xml; path = unittests.vcxproj; sourceTree = "<group>"; };
		22EF276A1B7054680013FA2E /* unittests.vcxproj.filters */ = {isa = PBXFileReference; lastKnownFileType = text.xml; path = unittests.vcxproj.filters; sourceTree = "<group>"; };
		22EF276C1B7054680013FA2E /* unittests.sln */ = {isa = PBXFileReference; lastKnownFileType = text; path = unittests.sln; sourceTree = "<group>"; };
		22EF276D1B7054680013FA2E /* unittests.vcxproj */ = {isa = PBXFileReference; lastKnownFileType = text.xml; path = unittests.vcxproj; sourceTree = "<group>"; };
		22EF276E1B7054680013FA2E /* unittests.vcxproj.filters */ = {isa = PBXFileReference; lastKnownFileType = text.xml; path = unittests.vcxproj.filters; sourceTree = "<group>"; };
		22EF276F1B7054680013FA2E /* unittests.cpp */ = {isa = PBXFileReference; lastKnownFileType = sourcecode.cpp.cpp; path = unittests.cpp; sourceTree = "<group>"; };
		22EF28751B73DD440013FA2E /* gtest-internal.h */ = {isa = PBXFileReference; lastKnownFileType = sourcecode.c.h; path = "gtest-internal.h"; sourceTree = "<group>"; };
		22EF28FF1B73E7CB0013FA2E /* includes */ = {isa = PBXFileReference; lastKnownFileType = folder; name = includes; path = ../../includes; sourceTree = "<group>"; };
		22EF29031B7405080013FA2E /* Makefile */ = {isa = PBXFileReference; lastKnownFileType = sourcecode.make; path = Makefile; sourceTree = "<group>"; };
		22EF29881B744AED0013FA2E /* JamomaTest_SampleBundle.cpp */ = {isa = PBXFileReference; fileEncoding = 4; lastKnownFileType = sourcecode.cpp.cpp; path = JamomaTest_SampleBundle.cpp; sourceTree = "<group>"; };
/* End PBXFileReference section */

/* Begin PBXFrameworksBuildPhase section */
		2271EAF41AC5C97C00F1B0C0 /* Frameworks */ = {
			isa = PBXFrameworksBuildPhase;
			buildActionMask = 2147483647;
			files = (
			);
			runOnlyForDeploymentPostprocessing = 0;
		};
/* End PBXFrameworksBuildPhase section */

/* Begin PBXGroup section */
		2271EAEE1AC5C97C00F1B0C0 = {
			isa = PBXGroup;
			children = (
				22EF29031B7405080013FA2E /* Makefile */,
				22EF29881B744AED0013FA2E /* JamomaTest_SampleBundle.cpp */,
				22EF28FF1B73E7CB0013FA2E /* includes */,
				22EF26FA1B7054680013FA2E /* dependencies */,
				2271EAF81AC5C97C00F1B0C0 /* Products */,
			);
			sourceTree = "<group>";
		};
		2271EAF81AC5C97C00F1B0C0 /* Products */ = {
			isa = PBXGroup;
			children = (
				2271EAF71AC5C97C00F1B0C0 /* JamomaExperiments */,
			);
			name = Products;
			sourceTree = "<group>";
		};
		22EF26FA1B7054680013FA2E /* dependencies */ = {
			isa = PBXGroup;
			children = (
				22EF28741B73DD440013FA2E /* gtest */,
				22EF26FB1B7054680013FA2E /* Mersenne-1.1 */,
				22EF27231B7054680013FA2E /* Murmur3 */,
				22EF272C1B7054680013FA2E /* portaudio */,
				22EF27391B7054680013FA2E /* readerwriterqueue-master */,
			);
			name = dependencies;
			path = ../../dependencies;
			sourceTree = "<group>";
		};
		22EF26FB1B7054680013FA2E /* Mersenne-1.1 */ = {
			isa = PBXGroup;
			children = (
				22EF26FC1B7054680013FA2E /* example.cpp */,
				22EF26FD1B7054680013FA2E /* Makefile */,
				22EF26FE1B7054680013FA2E /* MersenneTwister.h */,
				22EF26FF1B7054680013FA2E /* MersenneTwister.html */,
				22EF27001B7054680013FA2E /* Random.jpg */,
				22EF27011B7054680013FA2E /* README */,
				22EF27021B7054680013FA2E /* Test */,
			);
			path = "Mersenne-1.1";
			sourceTree = "<group>";
		};
		22EF27021B7054680013FA2E /* Test */ = {
			isa = PBXGroup;
			children = (
				22EF27031B7054680013FA2E /* Bedaux */,
				22EF27071B7054680013FA2E /* Blevins */,
				22EF270B1B7054680013FA2E /* Cokus */,
				22EF270E1B7054680013FA2E /* Kuenning */,
				22EF27121B7054680013FA2E /* Ladd */,
				22EF27161B7054680013FA2E /* Makefile */,
				22EF27171B7054680013FA2E /* Original */,
				22EF271A1B7054680013FA2E /* Reference.out */,
				22EF271B1B7054680013FA2E /* Results.sh */,
				22EF271C1B7054680013FA2E /* Standard */,
				22EF271E1B7054680013FA2E /* Wagner */,
				22EF27201B7054680013FA2E /* Yang */,
			);
			path = Test;
			sourceTree = "<group>";
		};
		22EF27031B7054680013FA2E /* Bedaux */ = {
			isa = PBXGroup;
			children = (
				22EF27041B7054680013FA2E /* Bedaux.cpp */,
				22EF27051B7054680013FA2E /* mtrand.cpp */,
				22EF27061B7054680013FA2E /* mtrand.h */,
			);
			path = Bedaux;
			sourceTree = "<group>";
		};
		22EF27071B7054680013FA2E /* Blevins */ = {
			isa = PBXGroup;
			children = (
				22EF27081B7054680013FA2E /* Blevins.cpp */,
				22EF27091B7054680013FA2E /* mt.cc */,
				22EF270A1B7054680013FA2E /* mt.h */,
			);
			path = Blevins;
			sourceTree = "<group>";
		};
		22EF270B1B7054680013FA2E /* Cokus */ = {
			isa = PBXGroup;
			children = (
				22EF270C1B7054680013FA2E /* Cokus.cpp */,
				22EF270D1B7054680013FA2E /* mt19937ar-cok.c */,
			);
			path = Cokus;
			sourceTree = "<group>";
		};
		22EF270E1B7054680013FA2E /* Kuenning */ = {
			isa = PBXGroup;
			children = (
				22EF270F1B7054680013FA2E /* Kuenning.cpp */,
				22EF27101B7054680013FA2E /* mtwist.c */,
				22EF27111B7054680013FA2E /* mtwist.h */,
			);
			path = Kuenning;
			sourceTree = "<group>";
		};
		22EF27121B7054680013FA2E /* Ladd */ = {
			isa = PBXGroup;
			children = (
				22EF27131B7054680013FA2E /* Ladd.cpp */,
				22EF27141B7054680013FA2E /* mtprng.cpp */,
				22EF27151B7054680013FA2E /* mtprng.h */,
			);
			path = Ladd;
			sourceTree = "<group>";
		};
		22EF27171B7054680013FA2E /* Original */ = {
			isa = PBXGroup;
			children = (
				22EF27181B7054680013FA2E /* mt19937ar.c */,
				22EF27191B7054680013FA2E /* Original.cpp */,
			);
			path = Original;
			sourceTree = "<group>";
		};
		22EF271C1B7054680013FA2E /* Standard */ = {
			isa = PBXGroup;
			children = (
				22EF271D1B7054680013FA2E /* Standard.cpp */,
			);
			path = Standard;
			sourceTree = "<group>";
		};
		22EF271E1B7054680013FA2E /* Wagner */ = {
			isa = PBXGroup;
			children = (
				22EF271F1B7054680013FA2E /* Wagner.cpp */,
			);
			path = Wagner;
			sourceTree = "<group>";
		};
		22EF27201B7054680013FA2E /* Yang */ = {
			isa = PBXGroup;
			children = (
				22EF27211B7054680013FA2E /* mtrnd.h */,
				22EF27221B7054680013FA2E /* Yang.cpp */,
			);
			path = Yang;
			sourceTree = "<group>";
		};
		22EF27231B7054680013FA2E /* Murmur3 */ = {
			isa = PBXGroup;
			children = (
				22EF272A1B7054680013FA2E /* main.cpp */,
				22EF272B1B7054680013FA2E /* Murmur3.h */,
			);
			path = Murmur3;
			sourceTree = "<group>";
		};
		22EF272C1B7054680013FA2E /* portaudio */ = {
			isa = PBXGroup;
			children = (
				22EF272D1B7054680013FA2E /* include */,
				22EF27381B7054680013FA2E /* libportaudio.a */,
			);
			path = portaudio;
			sourceTree = "<group>";
		};
		22EF272D1B7054680013FA2E /* include */ = {
			isa = PBXGroup;
			children = (
				22EF272E1B7054680013FA2E /* pa_asio.h */,
				22EF272F1B7054680013FA2E /* pa_jack.h */,
				22EF27301B7054680013FA2E /* pa_linux_alsa.h */,
				22EF27311B7054680013FA2E /* pa_mac_core.h */,
				22EF27321B7054680013FA2E /* pa_win_ds.h */,
				22EF27331B7054680013FA2E /* pa_win_wasapi.h */,
				22EF27341B7054680013FA2E /* pa_win_waveformat.h */,
				22EF27351B7054680013FA2E /* pa_win_wdmks.h */,
				22EF27361B7054680013FA2E /* pa_win_wmme.h */,
				22EF27371B7054680013FA2E /* portaudio.h */,
			);
			path = include;
			sourceTree = "<group>";
		};
		22EF27391B7054680013FA2E /* readerwriterqueue-master */ = {
			isa = PBXGroup;
			children = (
				22EF273A1B7054680013FA2E /* .gitignore */,
				22EF273B1B7054680013FA2E /* atomicops.h */,
				22EF273C1B7054680013FA2E /* benchmarks */,
				22EF27521B7054680013FA2E /* LICENSE.md */,
				22EF27531B7054680013FA2E /* readerwriterqueue.h */,
				22EF27541B7054680013FA2E /* README.md */,
				22EF27551B7054680013FA2E /* tests */,
			);
			path = "readerwriterqueue-master";
			sourceTree = "<group>";
		};
		22EF273C1B7054680013FA2E /* benchmarks */ = {
			isa = PBXGroup;
			children = (
				22EF273D1B7054680013FA2E /* bench.cpp */,
				22EF273E1B7054680013FA2E /* ext */,
				22EF27431B7054680013FA2E /* makefile */,
				22EF27441B7054680013FA2E /* msvc10 */,
				22EF274A1B7054680013FA2E /* msvc12 */,
				22EF27501B7054680013FA2E /* systemtime.cpp */,
				22EF27511B7054680013FA2E /* systemtime.h */,
			);
			path = benchmarks;
			sourceTree = "<group>";
		};
		22EF273E1B7054680013FA2E /* ext */ = {
			isa = PBXGroup;
			children = (
				22EF273F1B7054680013FA2E /* 1024cores */,
				22EF27411B7054680013FA2E /* folly */,
			);
			path = ext;
			sourceTree = "<group>";
		};
		22EF273F1B7054680013FA2E /* 1024cores */ = {
			isa = PBXGroup;
			children = (
				22EF27401B7054680013FA2E /* spscqueue.h */,
			);
			path = 1024cores;
			sourceTree = "<group>";
		};
		22EF27411B7054680013FA2E /* folly */ = {
			isa = PBXGroup;
			children = (
				22EF27421B7054680013FA2E /* ProducerConsumerQueue.h */,
			);
			path = folly;
			sourceTree = "<group>";
		};
		22EF27441B7054680013FA2E /* msvc10 */ = {
			isa = PBXGroup;
			children = (
				22EF27451B7054680013FA2E /* winbench-intel.vcxproj */,
				22EF27461B7054680013FA2E /* winbench-intel.vcxproj.filters */,
				22EF27471B7054680013FA2E /* winbench.sln */,
				22EF27481B7054680013FA2E /* winbench.vcxproj */,
				22EF27491B7054680013FA2E /* winbench.vcxproj.filters */,
			);
			path = msvc10;
			sourceTree = "<group>";
		};
		22EF274A1B7054680013FA2E /* msvc12 */ = {
			isa = PBXGroup;
			children = (
				22EF274B1B7054680013FA2E /* winbench-intel.vcxproj */,
				22EF274C1B7054680013FA2E /* winbench-intel.vcxproj.filters */,
				22EF274D1B7054680013FA2E /* winbench.sln */,
				22EF274E1B7054680013FA2E /* winbench.vcxproj */,
				22EF274F1B7054680013FA2E /* winbench.vcxproj.filters */,
			);
			path = msvc12;
			sourceTree = "<group>";
		};
		22EF27551B7054680013FA2E /* tests */ = {
			isa = PBXGroup;
			children = (
				22EF27561B7054680013FA2E /* common */,
				22EF27591B7054680013FA2E /* stabtest */,
				22EF27641B7054680013FA2E /* unittests */,
			);
			path = tests;
			sourceTree = "<group>";
		};
		22EF27561B7054680013FA2E /* common */ = {
			isa = PBXGroup;
			children = (
				22EF27571B7054680013FA2E /* simplethread.cpp */,
				22EF27581B7054680013FA2E /* simplethread.h */,
			);
			path = common;
			sourceTree = "<group>";
		};
		22EF27591B7054680013FA2E /* stabtest */ = {
			isa = PBXGroup;
			children = (
				22EF275A1B7054680013FA2E /* makefile */,
				22EF275B1B7054680013FA2E /* msvc10 */,
				22EF275F1B7054680013FA2E /* msvc12 */,
				22EF27631B7054680013FA2E /* stabtest.cpp */,
			);
			path = stabtest;
			sourceTree = "<group>";
		};
		22EF275B1B7054680013FA2E /* msvc10 */ = {
			isa = PBXGroup;
			children = (
				22EF275C1B7054680013FA2E /* stabtest.sln */,
				22EF275D1B7054680013FA2E /* stabtest.vcxproj */,
				22EF275E1B7054680013FA2E /* stabtest.vcxproj.filters */,
			);
			path = msvc10;
			sourceTree = "<group>";
		};
		22EF275F1B7054680013FA2E /* msvc12 */ = {
			isa = PBXGroup;
			children = (
				22EF27601B7054680013FA2E /* stabtest.sln */,
				22EF27611B7054680013FA2E /* stabtest.vcxproj */,
				22EF27621B7054680013FA2E /* stabtest.vcxproj.filters */,
			);
			path = msvc12;
			sourceTree = "<group>";
		};
		22EF27641B7054680013FA2E /* unittests */ = {
			isa = PBXGroup;
			children = (
				22EF27651B7054680013FA2E /* makefile */,
				22EF27661B7054680013FA2E /* minitest.h */,
				22EF27671B7054680013FA2E /* msvc10 */,
				22EF276B1B7054680013FA2E /* msvc12 */,
				22EF276F1B7054680013FA2E /* unittests.cpp */,
			);
			path = unittests;
			sourceTree = "<group>";
		};
		22EF27671B7054680013FA2E /* msvc10 */ = {
			isa = PBXGroup;
			children = (
				22EF27681B7054680013FA2E /* unittests.sln */,
				22EF27691B7054680013FA2E /* unittests.vcxproj */,
				22EF276A1B7054680013FA2E /* unittests.vcxproj.filters */,
			);
			path = msvc10;
			sourceTree = "<group>";
		};
		22EF276B1B7054680013FA2E /* msvc12 */ = {
			isa = PBXGroup;
			children = (
				22EF276C1B7054680013FA2E /* unittests.sln */,
				22EF276D1B7054680013FA2E /* unittests.vcxproj */,
				22EF276E1B7054680013FA2E /* unittests.vcxproj.filters */,
			);
			path = msvc12;
			sourceTree = "<group>";
		};
		22EF28741B73DD440013FA2E /* gtest */ = {
			isa = PBXGroup;
			children = (
				22EF28751B73DD440013FA2E /* gtest-internal.h */,
			);
			path = gtest;
			sourceTree = "<group>";
		};
/* End PBXGroup section */

/* Begin PBXLegacyTarget section */
		22EF29041B7408240013FA2E /* UnitTest-Make */ = {
			isa = PBXLegacyTarget;
			buildArgumentsString = test;
			buildConfigurationList = 22EF29051B7408240013FA2E /* Build configuration list for PBXLegacyTarget "UnitTest-Make" */;
			buildPhases = (
			);
			buildToolPath = /usr/bin/make;
			buildWorkingDirectory = "";
			dependencies = (
			);
			name = "UnitTest-Make";
			passBuildSettingsInEnvironment = 1;
			productName = "UnitTest-Make";
		};
/* End PBXLegacyTarget section */

/* Begin PBXNativeTarget section */
		2271EAF61AC5C97C00F1B0C0 /* UnitTest */ = {
			isa = PBXNativeTarget;
			buildConfigurationList = 2271EAFE1AC5C97C00F1B0C0 /* Build configuration list for PBXNativeTarget "UnitTest" */;
			buildPhases = (
				2271EAF31AC5C97C00F1B0C0 /* Sources */,
				2271EAF41AC5C97C00F1B0C0 /* Frameworks */,
				2271EAF51AC5C97C00F1B0C0 /* CopyFiles */,
			);
			buildRules = (
			);
			dependencies = (
			);
			name = UnitTest;
			productName = JamomaExperiments;
			productReference = 2271EAF71AC5C97C00F1B0C0 /* JamomaExperiments */;
			productType = "com.apple.product-type.tool";
		};
/* End PBXNativeTarget section */

/* Begin PBXProject section */
		2271EAEF1AC5C97C00F1B0C0 /* Project object */ = {
			isa = PBXProject;
			attributes = {
				LastUpgradeCheck = 0610;
				ORGANIZATIONNAME = jamoma;
				TargetAttributes = {
					2271EAF61AC5C97C00F1B0C0 = {
						CreatedOnToolsVersion = 6.1.1;
					};
					22EF29041B7408240013FA2E = {
						CreatedOnToolsVersion = 6.4;
					};
				};
			};
			buildConfigurationList = 2271EAF21AC5C97C00F1B0C0 /* Build configuration list for PBXProject "JamomaTest_SampleBundle" */;
			compatibilityVersion = "Xcode 3.2";
			developmentRegion = English;
			hasScannedForEncodings = 0;
			knownRegions = (
				en,
			);
			mainGroup = 2271EAEE1AC5C97C00F1B0C0;
			productRefGroup = 2271EAF81AC5C97C00F1B0C0 /* Products */;
			projectDirPath = "";
			projectRoot = "";
			targets = (
				22EF29041B7408240013FA2E /* UnitTest-Make */,
				2271EAF61AC5C97C00F1B0C0 /* UnitTest */,
			);
		};
/* End PBXProject section */

/* Begin PBXSourcesBuildPhase section */
		2271EAF31AC5C97C00F1B0C0 /* Sources */ = {
			isa = PBXSourcesBuildPhase;
			buildActionMask = 2147483647;
			files = (
				22EF29891B744AED0013FA2E /* JamomaTest_SampleBundle.cpp in Sources */,
			);
			runOnlyForDeploymentPostprocessing = 0;
		};
/* End PBXSourcesBuildPhase section */

/* Begin XCBuildConfiguration section */
		2271EAFC1AC5C97C00F1B0C0 /* Debug */ = {
			isa = XCBuildConfiguration;
			buildSettings = {
				ALWAYS_SEARCH_USER_PATHS = NO;
				CLANG_CXX_LANGUAGE_STANDARD = "gnu++0x";
				CLANG_CXX_LIBRARY = "libc++";
				CLANG_ENABLE_MODULES = YES;
				CLANG_ENABLE_OBJC_ARC = YES;
				CLANG_WARN_BOOL_CONVERSION = YES;
				CLANG_WARN_CONSTANT_CONVERSION = YES;
				CLANG_WARN_DIRECT_OBJC_ISA_USAGE = YES_ERROR;
				CLANG_WARN_EMPTY_BODY = YES;
				CLANG_WARN_ENUM_CONVERSION = YES;
				CLANG_WARN_INT_CONVERSION = YES;
				CLANG_WARN_OBJC_ROOT_CLASS = YES_ERROR;
				CLANG_WARN_UNREACHABLE_CODE = YES;
				CLANG_WARN__DUPLICATE_METHOD_MATCH = YES;
				COPY_PHASE_STRIP = NO;
				ENABLE_STRICT_OBJC_MSGSEND = YES;
				GCC_C_LANGUAGE_STANDARD = gnu99;
				GCC_DYNAMIC_NO_PIC = NO;
				GCC_OPTIMIZATION_LEVEL = 0;
				GCC_PREPROCESSOR_DEFINITIONS = (
					"DEBUG=1",
					"$(inherited)",
				);
				GCC_SYMBOLS_PRIVATE_EXTERN = NO;
				GCC_WARN_64_TO_32_BIT_CONVERSION = YES;
				GCC_WARN_ABOUT_RETURN_TYPE = YES_ERROR;
				GCC_WARN_UNDECLARED_SELECTOR = YES;
				GCC_WARN_UNINITIALIZED_AUTOS = YES_AGGRESSIVE;
				GCC_WARN_UNUSED_FUNCTION = YES;
				GCC_WARN_UNUSED_VARIABLE = YES;
				MACOSX_DEPLOYMENT_TARGET = 10.10;
				MTL_ENABLE_DEBUG_INFO = YES;
				ONLY_ACTIVE_ARCH = YES;
				SDKROOT = macosx;
			};
			name = Debug;
		};
		2271EAFD1AC5C97C00F1B0C0 /* Release */ = {
			isa = XCBuildConfiguration;
			buildSettings = {
				ALWAYS_SEARCH_USER_PATHS = NO;
				CLANG_CXX_LANGUAGE_STANDARD = "gnu++0x";
				CLANG_CXX_LIBRARY = "libc++";
				CLANG_ENABLE_MODULES = YES;
				CLANG_ENABLE_OBJC_ARC = YES;
				CLANG_WARN_BOOL_CONVERSION = YES;
				CLANG_WARN_CONSTANT_CONVERSION = YES;
				CLANG_WARN_DIRECT_OBJC_ISA_USAGE = YES_ERROR;
				CLANG_WARN_EMPTY_BODY = YES;
				CLANG_WARN_ENUM_CONVERSION = YES;
				CLANG_WARN_INT_CONVERSION = YES;
				CLANG_WARN_OBJC_ROOT_CLASS = YES_ERROR;
				CLANG_WARN_UNREACHABLE_CODE = YES;
				CLANG_WARN__DUPLICATE_METHOD_MATCH = YES;
				COPY_PHASE_STRIP = YES;
				DEBUG_INFORMATION_FORMAT = "dwarf-with-dsym";
				ENABLE_NS_ASSERTIONS = NO;
				ENABLE_STRICT_OBJC_MSGSEND = YES;
				GCC_C_LANGUAGE_STANDARD = gnu99;
				GCC_WARN_64_TO_32_BIT_CONVERSION = YES;
				GCC_WARN_ABOUT_RETURN_TYPE = YES_ERROR;
				GCC_WARN_UNDECLARED_SELECTOR = YES;
				GCC_WARN_UNINITIALIZED_AUTOS = YES_AGGRESSIVE;
				GCC_WARN_UNUSED_FUNCTION = YES;
				GCC_WARN_UNUSED_VARIABLE = YES;
				MACOSX_DEPLOYMENT_TARGET = 10.10;
				MTL_ENABLE_DEBUG_INFO = NO;
				SDKROOT = macosx;
			};
			name = Release;
		};
		2271EAFF1AC5C97C00F1B0C0 /* Debug */ = {
			isa = XCBuildConfiguration;
			buildSettings = {
				CLANG_CXX_LANGUAGE_STANDARD = "c++14";
				CLANG_ENABLE_OBJC_ARC = NO;
				HEADER_SEARCH_PATHS = (
					"$(SRCROOT)/../../includes/**",
					"$(inherited)",
					/Applications/Xcode.app/Contents/Developer/Toolchains/XcodeDefault.xctoolchain/usr/include,
				);
				PRODUCT_NAME = "$(TARGET_NAME)";
			};
			name = Debug;
		};
		2271EB001AC5C97C00F1B0C0 /* Release */ = {
			isa = XCBuildConfiguration;
			buildSettings = {
				CLANG_CXX_LANGUAGE_STANDARD = "c++14";
				CLANG_ENABLE_OBJC_ARC = NO;
				HEADER_SEARCH_PATHS = (
					"$(SRCROOT)/../../includes/**",
					"$(inherited)",
					/Applications/Xcode.app/Contents/Developer/Toolchains/XcodeDefault.xctoolchain/usr/include,
				);
				PRODUCT_NAME = "$(TARGET_NAME)";
			};
			name = Release;
		};
		22EF29061B7408240013FA2E /* Debug */ = {
			isa = XCBuildConfiguration;
			buildSettings = {
				DEBUGGING_SYMBOLS = YES;
				DEBUG_INFORMATION_FORMAT = dwarf;
				GCC_GENERATE_DEBUGGING_SYMBOLS = YES;
				GCC_NO_COMMON_BLOCKS = YES;
				GCC_OPTIMIZATION_LEVEL = 0;
				GCC_PREPROCESSOR_DEFINITIONS = (
					"DEBUG=1",
					"$(inherited)",
				);
				OTHER_CFLAGS = "";
				OTHER_LDFLAGS = "";
				PRODUCT_NAME = "$(TARGET_NAME)";
			};
			name = Debug;
		};
		22EF29071B7408240013FA2E /* Release */ = {
			isa = XCBuildConfiguration;
			buildSettings = {
				COPY_PHASE_STRIP = NO;
				GCC_NO_COMMON_BLOCKS = YES;
				OTHER_CFLAGS = "";
				OTHER_LDFLAGS = "";
				PRODUCT_NAME = "$(TARGET_NAME)";
			};
			name = Release;
		};
/* End XCBuildConfiguration section */

/* Begin XCConfigurationList section */
		2271EAF21AC5C97C00F1B0C0 /* Build configuration list for PBXProject "JamomaTest_SampleBundle" */ = {
			isa = XCConfigurationList;
			buildConfigurations = (
				2271EAFC1AC5C97C00F1B0C0 /* Debug */,
				2271EAFD1AC5C97C00F1B0C0 /* Release */,
			);
			defaultConfigurationIsVisible = 0;
			defaultConfigurationName = Release;
		};
		2271EAFE1AC5C97C00F1B0C0 /* Build configuration list for PBXNativeTarget "UnitTest" */ = {
			isa = XCConfigurationList;
			buildConfigurations = (
				2271EAFF1AC5C97C00F1B0C0 /* Debug */,
				2271EB001AC5C97C00F1B0C0 /* Release */,
			);
			defaultConfigurationIsVisible = 0;
			defaultConfigurationName = Release;
		};
		22EF29051B7408240013FA2E /* Build configuration list for PBXLegacyTarget "UnitTest-Make" */ = {
			isa = XCConfigurationList;
			buildConfigurations = (
				22EF29061B7408240013FA2E /* Debug */,
				22EF29071B7408240013FA2E /* Release */,
			);
			defaultConfigurationIsVisible = 0;
			defaultConfigurationName = Release;
		};
/* End XCConfigurationList section */
	};
	rootObject = 2271EAEF1AC5C97C00F1B0C0 /* Project object */;
}
