// !$*UTF8*$!
{
	archiveVersion = 1;
	classes = {
	};
	objectVersion = 46;
	objects = {

/* Begin PBXBuildFile section */
		228D510C1B629DB0007024D6 /* simple.cpp in Sources */ = {isa = PBXBuildFile; fileRef = 228D510B1B629DB0007024D6 /* simple.cpp */; };
		22EF28F81B73E71A0013FA2E /* AudioToolbox.framework in Frameworks */ = {isa = PBXBuildFile; fileRef = 22EF28F41B73E71A0013FA2E /* AudioToolbox.framework */; };
		22EF28F91B73E71A0013FA2E /* AudioUnit.framework in Frameworks */ = {isa = PBXBuildFile; fileRef = 22EF28F51B73E71A0013FA2E /* AudioUnit.framework */; };
		22EF28FA1B73E71A0013FA2E /* CoreAudio.framework in Frameworks */ = {isa = PBXBuildFile; fileRef = 22EF28F61B73E71A0013FA2E /* CoreAudio.framework */; };
		22EF28FE1B73E73B0013FA2E /* Carbon.framework in Frameworks */ = {isa = PBXBuildFile; fileRef = 22EF28FD1B73E73B0013FA2E /* Carbon.framework */; };
		22EF29811B740B4E0013FA2E /* libportaudio.a in Frameworks */ = {isa = PBXBuildFile; fileRef = 22EF29491B740B2C0013FA2E /* libportaudio.a */; };
/* End PBXBuildFile section */

/* Begin PBXCopyFilesBuildPhase section */
		2271EAF51AC5C97C00F1B0C0 /* CopyFiles */ = {
			isa = PBXCopyFilesBuildPhase;
			buildActionMask = 2147483647;
			dstPath = /usr/share/man/man1/;
			dstSubfolderSpec = 0;
			files = (
			);
			runOnlyForDeploymentPostprocessing = 1;
		};
/* End PBXCopyFilesBuildPhase section */

/* Begin PBXFileReference section */
		2271EAF71AC5C97C00F1B0C0 /* JamomaExperiments */ = {isa = PBXFileReference; explicitFileType = "compiled.mach-o.executable"; includeInIndex = 0; path = JamomaExperiments; sourceTree = BUILT_PRODUCTS_DIR; };
		228D510B1B629DB0007024D6 /* simple.cpp */ = {isa = PBXFileReference; fileEncoding = 4; lastKnownFileType = sourcecode.cpp.cpp; path = simple.cpp; sourceTree = "<group>"; };
		22EF28F41B73E71A0013FA2E /* AudioToolbox.framework */ = {isa = PBXFileReference; lastKnownFileType = wrapper.framework; name = AudioToolbox.framework; path = /System/Library/Frameworks/AudioToolbox.framework; sourceTree = "<absolute>"; };
		22EF28F51B73E71A0013FA2E /* AudioUnit.framework */ = {isa = PBXFileReference; lastKnownFileType = wrapper.framework; name = AudioUnit.framework; path = /System/Library/Frameworks/AudioUnit.framework; sourceTree = "<absolute>"; };
		22EF28F61B73E71A0013FA2E /* CoreAudio.framework */ = {isa = PBXFileReference; lastKnownFileType = wrapper.framework; name = CoreAudio.framework; path = /System/Library/Frameworks/CoreAudio.framework; sourceTree = "<absolute>"; };
		22EF28FD1B73E73B0013FA2E /* Carbon.framework */ = {isa = PBXFileReference; lastKnownFileType = wrapper.framework; name = Carbon.framework; path = /System/Library/Frameworks/Carbon.framework; sourceTree = "<absolute>"; };
		22EF290D1B740ABE0013FA2E /* Makefile */ = {isa = PBXFileReference; lastKnownFileType = sourcecode.make; path = Makefile; sourceTree = "<group>"; };
		22EF290E1B740B210013FA2E /* includes */ = {isa = PBXFileReference; lastKnownFileType = folder; name = includes; path = ../../includes; sourceTree = "<group>"; };
		22EF29111B740B2C0013FA2E /* gtest-internal.h */ = {isa = PBXFileReference; lastKnownFileType = sourcecode.c.h; path = "gtest-internal.h"; sourceTree = "<group>"; };
		22EF29131B740B2C0013FA2E /* example.cpp */ = {isa = PBXFileReference; lastKnownFileType = sourcecode.cpp.cpp; path = example.cpp; sourceTree = "<group>"; };
		22EF29141B740B2C0013FA2E /* Makefile */ = {isa = PBXFileReference; lastKnownFileType = sourcecode.make; path = Makefile; sourceTree = "<group>"; };
		22EF29151B740B2C0013FA2E /* MersenneTwister.h */ = {isa = PBXFileReference; lastKnownFileType = sourcecode.c.h; path = MersenneTwister.h; sourceTree = "<group>"; };
		22EF29161B740B2C0013FA2E /* MersenneTwister.html */ = {isa = PBXFileReference; lastKnownFileType = text.html; path = MersenneTwister.html; sourceTree = "<group>"; };
		22EF29171B740B2C0013FA2E /* Random.jpg */ = {isa = PBXFileReference; lastKnownFileType = image.jpeg; path = Random.jpg; sourceTree = "<group>"; };
		22EF29181B740B2C0013FA2E /* README */ = {isa = PBXFileReference; lastKnownFileType = text; path = README; sourceTree = "<group>"; };
		22EF291B1B740B2C0013FA2E /* Bedaux.cpp */ = {isa = PBXFileReference; lastKnownFileType = sourcecode.cpp.cpp; path = Bedaux.cpp; sourceTree = "<group>"; };
		22EF291C1B740B2C0013FA2E /* mtrand.cpp */ = {isa = PBXFileReference; lastKnownFileType = sourcecode.cpp.cpp; path = mtrand.cpp; sourceTree = "<group>"; };
		22EF291D1B740B2C0013FA2E /* mtrand.h */ = {isa = PBXFileReference; lastKnownFileType = sourcecode.c.h; path = mtrand.h; sourceTree = "<group>"; };
		22EF291F1B740B2C0013FA2E /* Blevins.cpp */ = {isa = PBXFileReference; lastKnownFileType = sourcecode.cpp.cpp; path = Blevins.cpp; sourceTree = "<group>"; };
		22EF29201B740B2C0013FA2E /* mt.cc */ = {isa = PBXFileReference; lastKnownFileType = sourcecode.cpp.cpp; path = mt.cc; sourceTree = "<group>"; };
		22EF29211B740B2C0013FA2E /* mt.h */ = {isa = PBXFileReference; lastKnownFileType = sourcecode.c.h; path = mt.h; sourceTree = "<group>"; };
		22EF29231B740B2C0013FA2E /* Cokus.cpp */ = {isa = PBXFileReference; lastKnownFileType = sourcecode.cpp.cpp; path = Cokus.cpp; sourceTree = "<group>"; };
		22EF29241B740B2C0013FA2E /* mt19937ar-cok.c */ = {isa = PBXFileReference; lastKnownFileType = sourcecode.c.c; path = "mt19937ar-cok.c"; sourceTree = "<group>"; };
		22EF29261B740B2C0013FA2E /* Kuenning.cpp */ = {isa = PBXFileReference; lastKnownFileType = sourcecode.cpp.cpp; path = Kuenning.cpp; sourceTree = "<group>"; };
		22EF29271B740B2C0013FA2E /* mtwist.c */ = {isa = PBXFileReference; lastKnownFileType = sourcecode.c.c; path = mtwist.c; sourceTree = "<group>"; };
		22EF29281B740B2C0013FA2E /* mtwist.h */ = {isa = PBXFileReference; lastKnownFileType = sourcecode.c.h; path = mtwist.h; sourceTree = "<group>"; };
		22EF292A1B740B2C0013FA2E /* Ladd.cpp */ = {isa = PBXFileReference; lastKnownFileType = sourcecode.cpp.cpp; path = Ladd.cpp; sourceTree = "<group>"; };
		22EF292B1B740B2C0013FA2E /* mtprng.cpp */ = {isa = PBXFileReference; lastKnownFileType = sourcecode.cpp.cpp; path = mtprng.cpp; sourceTree = "<group>"; };
		22EF292C1B740B2C0013FA2E /* mtprng.h */ = {isa = PBXFileReference; lastKnownFileType = sourcecode.c.h; path = mtprng.h; sourceTree = "<group>"; };
		22EF292D1B740B2C0013FA2E /* Makefile */ = {isa = PBXFileReference; lastKnownFileType = sourcecode.make; path = Makefile; sourceTree = "<group>"; };
		22EF292F1B740B2C0013FA2E /* mt19937ar.c */ = {isa = PBXFileReference; lastKnownFileType = sourcecode.c.c; path = mt19937ar.c; sourceTree = "<group>"; };
		22EF29301B740B2C0013FA2E /* Original.cpp */ = {isa = PBXFileReference; lastKnownFileType = sourcecode.cpp.cpp; path = Original.cpp; sourceTree = "<group>"; };
		22EF29311B740B2C0013FA2E /* Reference.out */ = {isa = PBXFileReference; lastKnownFileType = text; path = Reference.out; sourceTree = "<group>"; };
		22EF29321B740B2C0013FA2E /* Results.sh */ = {isa = PBXFileReference; lastKnownFileType = text.script.sh; path = Results.sh; sourceTree = "<group>"; };
		22EF29341B740B2C0013FA2E /* Standard.cpp */ = {isa = PBXFileReference; lastKnownFileType = sourcecode.cpp.cpp; path = Standard.cpp; sourceTree = "<group>"; };
		22EF29361B740B2C0013FA2E /* Wagner.cpp */ = {isa = PBXFileReference; lastKnownFileType = sourcecode.cpp.cpp; path = Wagner.cpp; sourceTree = "<group>"; };
		22EF29381B740B2C0013FA2E /* mtrnd.h */ = {isa = PBXFileReference; lastKnownFileType = sourcecode.c.h; path = mtrnd.h; sourceTree = "<group>"; };
		22EF29391B740B2C0013FA2E /* Yang.cpp */ = {isa = PBXFileReference; lastKnownFileType = sourcecode.cpp.cpp; path = Yang.cpp; sourceTree = "<group>"; };
		22EF293B1B740B2C0013FA2E /* main.cpp */ = {isa = PBXFileReference; lastKnownFileType = sourcecode.cpp.cpp; path = main.cpp; sourceTree = "<group>"; };
		22EF293C1B740B2C0013FA2E /* Murmur3.h */ = {isa = PBXFileReference; lastKnownFileType = sourcecode.c.h; path = Murmur3.h; sourceTree = "<group>"; };
		22EF293F1B740B2C0013FA2E /* pa_asio.h */ = {isa = PBXFileReference; lastKnownFileType = sourcecode.c.h; path = pa_asio.h; sourceTree = "<group>"; };
		22EF29401B740B2C0013FA2E /* pa_jack.h */ = {isa = PBXFileReference; lastKnownFileType = sourcecode.c.h; path = pa_jack.h; sourceTree = "<group>"; };
		22EF29411B740B2C0013FA2E /* pa_linux_alsa.h */ = {isa = PBXFileReference; lastKnownFileType = sourcecode.c.h; path = pa_linux_alsa.h; sourceTree = "<group>"; };
		22EF29421B740B2C0013FA2E /* pa_mac_core.h */ = {isa = PBXFileReference; lastKnownFileType = sourcecode.c.h; path = pa_mac_core.h; sourceTree = "<group>"; };
		22EF29431B740B2C0013FA2E /* pa_win_ds.h */ = {isa = PBXFileReference; lastKnownFileType = sourcecode.c.h; path = pa_win_ds.h; sourceTree = "<group>"; };
		22EF29441B740B2C0013FA2E /* pa_win_wasapi.h */ = {isa = PBXFileReference; lastKnownFileType = sourcecode.c.h; path = pa_win_wasapi.h; sourceTree = "<group>"; };
		22EF29451B740B2C0013FA2E /* pa_win_waveformat.h */ = {isa = PBXFileReference; lastKnownFileType = sourcecode.c.h; path = pa_win_waveformat.h; sourceTree = "<group>"; };
		22EF29461B740B2C0013FA2E /* pa_win_wdmks.h */ = {isa = PBXFileReference; lastKnownFileType = sourcecode.c.h; path = pa_win_wdmks.h; sourceTree = "<group>"; };
		22EF29471B740B2C0013FA2E /* pa_win_wmme.h */ = {isa = PBXFileReference; lastKnownFileType = sourcecode.c.h; path = pa_win_wmme.h; sourceTree = "<group>"; };
		22EF29481B740B2C0013FA2E /* portaudio.h */ = {isa = PBXFileReference; lastKnownFileType = sourcecode.c.h; path = portaudio.h; sourceTree = "<group>"; };
		22EF29491B740B2C0013FA2E /* libportaudio.a */ = {isa = PBXFileReference; lastKnownFileType = archive.ar; path = libportaudio.a; sourceTree = "<group>"; };
		22EF294B1B740B2C0013FA2E /* .gitignore */ = {isa = PBXFileReference; lastKnownFileType = text; path = .gitignore; sourceTree = "<group>"; };
		22EF294C1B740B2C0013FA2E /* atomicops.h */ = {isa = PBXFileReference; lastKnownFileType = sourcecode.c.h; path = atomicops.h; sourceTree = "<group>"; };
		22EF294E1B740B2C0013FA2E /* bench.cpp */ = {isa = PBXFileReference; lastKnownFileType = sourcecode.cpp.cpp; path = bench.cpp; sourceTree = "<group>"; };
		22EF29511B740B2C0013FA2E /* spscqueue.h */ = {isa = PBXFileReference; lastKnownFileType = sourcecode.c.h; path = spscqueue.h; sourceTree = "<group>"; };
		22EF29531B740B2C0013FA2E /* ProducerConsumerQueue.h */ = {isa = PBXFileReference; lastKnownFileType = sourcecode.c.h; path = ProducerConsumerQueue.h; sourceTree = "<group>"; };
		22EF29541B740B2C0013FA2E /* makefile */ = {isa = PBXFileReference; lastKnownFileType = sourcecode.make; path = makefile; sourceTree = "<group>"; };
		22EF29561B740B2C0013FA2E /* winbench-intel.vcxproj */ = {isa = PBXFileReference; lastKnownFileType = text.xml; path = "winbench-intel.vcxproj"; sourceTree = "<group>"; };
		22EF29571B740B2C0013FA2E /* winbench-intel.vcxproj.filters */ = {isa = PBXFileReference; lastKnownFileType = text.xml; path = "winbench-intel.vcxproj.filters"; sourceTree = "<group>"; };
		22EF29581B740B2C0013FA2E /* winbench.sln */ = {isa = PBXFileReference; lastKnownFileType = text; path = winbench.sln; sourceTree = "<group>"; };
		22EF29591B740B2C0013FA2E /* winbench.vcxproj */ = {isa = PBXFileReference; lastKnownFileType = text.xml; path = winbench.vcxproj; sourceTree = "<group>"; };
		22EF295A1B740B2C0013FA2E /* winbench.vcxproj.filters */ = {isa = PBXFileReference; lastKnownFileType = text.xml; path = winbench.vcxproj.filters; sourceTree = "<group>"; };
		22EF295C1B740B2C0013FA2E /* winbench-intel.vcxproj */ = {isa = PBXFileReference; lastKnownFileType = text.xml; path = "winbench-intel.vcxproj"; sourceTree = "<group>"; };
		22EF295D1B740B2C0013FA2E /* winbench-intel.vcxproj.filters */ = {isa = PBXFileReference; lastKnownFileType = text.xml; path = "winbench-intel.vcxproj.filters"; sourceTree = "<group>"; };
		22EF295E1B740B2C0013FA2E /* winbench.sln */ = {isa = PBXFileReference; lastKnownFileType = text; path = winbench.sln; sourceTree = "<group>"; };
		22EF295F1B740B2C0013FA2E /* winbench.vcxproj */ = {isa = PBXFileReference; lastKnownFileType = text.xml; path = winbench.vcxproj; sourceTree = "<group>"; };
		22EF29601B740B2C0013FA2E /* winbench.vcxproj.filters */ = {isa = PBXFileReference; lastKnownFileType = text.xml; path = winbench.vcxproj.filters; sourceTree = "<group>"; };
		22EF29611B740B2C0013FA2E /* systemtime.cpp */ = {isa = PBXFileReference; lastKnownFileType = sourcecode.cpp.cpp; path = systemtime.cpp; sourceTree = "<group>"; };
		22EF29621B740B2C0013FA2E /* systemtime.h */ = {isa = PBXFileReference; lastKnownFileType = sourcecode.c.h; path = systemtime.h; sourceTree = "<group>"; };
		22EF29631B740B2C0013FA2E /* LICENSE.md */ = {isa = PBXFileReference; lastKnownFileType = net.daringfireball.markdown; path = LICENSE.md; sourceTree = "<group>"; };
		22EF29641B740B2C0013FA2E /* readerwriterqueue.h */ = {isa = PBXFileReference; lastKnownFileType = sourcecode.c.h; path = readerwriterqueue.h; sourceTree = "<group>"; };
		22EF29651B740B2C0013FA2E /* README.md */ = {isa = PBXFileReference; lastKnownFileType = net.daringfireball.markdown; path = README.md; sourceTree = "<group>"; };
		22EF29681B740B2C0013FA2E /* simplethread.cpp */ = {isa = PBXFileReference; lastKnownFileType = sourcecode.cpp.cpp; path = simplethread.cpp; sourceTree = "<group>"; };
		22EF29691B740B2C0013FA2E /* simplethread.h */ = {isa = PBXFileReference; lastKnownFileType = sourcecode.c.h; path = simplethread.h; sourceTree = "<group>"; };
		22EF296B1B740B2C0013FA2E /* makefile */ = {isa = PBXFileReference; lastKnownFileType = sourcecode.make; path = makefile; sourceTree = "<group>"; };
		22EF296D1B740B2C0013FA2E /* stabtest.sln */ = {isa = PBXFileReference; lastKnownFileType = text; path = stabtest.sln; sourceTree = "<group>"; };
		22EF296E1B740B2C0013FA2E /* stabtest.vcxproj */ = {isa = PBXFileReference; lastKnownFileType = text.xml; path = stabtest.vcxproj; sourceTree = "<group>"; };
		22EF296F1B740B2C0013FA2E /* stabtest.vcxproj.filters */ = {isa = PBXFileReference; lastKnownFileType = text.xml; path = stabtest.vcxproj.filters; sourceTree = "<group>"; };
		22EF29711B740B2C0013FA2E /* stabtest.sln */ = {isa = PBXFileReference; lastKnownFileType = text; path = stabtest.sln; sourceTree = "<group>"; };
		22EF29721B740B2C0013FA2E /* stabtest.vcxproj */ = {isa = PBXFileReference; lastKnownFileType = text.xml; path = stabtest.vcxproj; sourceTree = "<group>"; };
		22EF29731B740B2C0013FA2E /* stabtest.vcxproj.filters */ = {isa = PBXFileReference; lastKnownFileType = text.xml; path = stabtest.vcxproj.filters; sourceTree = "<group>"; };
		22EF29741B740B2C0013FA2E /* stabtest.cpp */ = {isa = PBXFileReference; lastKnownFileType = sourcecode.cpp.cpp; path = stabtest.cpp; sourceTree = "<group>"; };
		22EF29761B740B2C0013FA2E /* makefile */ = {isa = PBXFileReference; lastKnownFileType = sourcecode.make; path = makefile; sourceTree = "<group>"; };
		22EF29771B740B2C0013FA2E /* minitest.h */ = {isa = PBXFileReference; lastKnownFileType = sourcecode.c.h; path = minitest.h; sourceTree = "<group>"; };
		22EF29791B740B2C0013FA2E /* unittests.sln */ = {isa = PBXFileReference; lastKnownFileType = text; path = unittests.sln; sourceTree = "<group>"; };
		22EF297A1B740B2C0013FA2E /* unittests.vcxproj */ = {isa = PBXFileReference; lastKnownFileType = text.xml; path = unittests.vcxproj; sourceTree = "<group>"; };
		22EF297B1B740B2C0013FA2E /* unittests.vcxproj.filters */ = {isa = PBXFileReference; lastKnownFileType = text.xml; path = unittests.vcxproj.filters; sourceTree = "<group>"; };
		22EF297D1B740B2C0013FA2E /* unittests.sln */ = {isa = PBXFileReference; lastKnownFileType = text; path = unittests.sln; sourceTree = "<group>"; };
		22EF297E1B740B2C0013FA2E /* unittests.vcxproj */ = {isa = PBXFileReference; lastKnownFileType = text.xml; path = unittests.vcxproj; sourceTree = "<group>"; };
		22EF297F1B740B2C0013FA2E /* unittests.vcxproj.filters */ = {isa = PBXFileReference; lastKnownFileType = text.xml; path = unittests.vcxproj.filters; sourceTree = "<group>"; };
		22EF29801B740B2C0013FA2E /* unittests.cpp */ = {isa = PBXFileReference; lastKnownFileType = sourcecode.cpp.cpp; path = unittests.cpp; sourceTree = "<group>"; };
/* End PBXFileReference section */

/* Begin PBXFrameworksBuildPhase section */
		2271EAF41AC5C97C00F1B0C0 /* Frameworks */ = {
			isa = PBXFrameworksBuildPhase;
			buildActionMask = 2147483647;
			files = (
				22EF28FA1B73E71A0013FA2E /* CoreAudio.framework in Frameworks */,
				22EF28FE1B73E73B0013FA2E /* Carbon.framework in Frameworks */,
				22EF29811B740B4E0013FA2E /* libportaudio.a in Frameworks */,
				22EF28F81B73E71A0013FA2E /* AudioToolbox.framework in Frameworks */,
				22EF28F91B73E71A0013FA2E /* AudioUnit.framework in Frameworks */,
			);
			runOnlyForDeploymentPostprocessing = 0;
		};
/* End PBXFrameworksBuildPhase section */

/* Begin PBXGroup section */
		2271EAEE1AC5C97C00F1B0C0 = {
			isa = PBXGroup;
			children = (
				22EF290D1B740ABE0013FA2E /* Makefile */,
				228D510B1B629DB0007024D6 /* simple.cpp */,
				22EF290E1B740B210013FA2E /* includes */,
				22EF290F1B740B2C0013FA2E /* dependencies */,
				22EF28F41B73E71A0013FA2E /* AudioToolbox.framework */,
				22EF28F51B73E71A0013FA2E /* AudioUnit.framework */,
				22EF28FD1B73E73B0013FA2E /* Carbon.framework */,
				22EF28F61B73E71A0013FA2E /* CoreAudio.framework */,
				2271EAF81AC5C97C00F1B0C0 /* Products */,
			);
			sourceTree = "<group>";
		};
		2271EAF81AC5C97C00F1B0C0 /* Products */ = {
			isa = PBXGroup;
			children = (
				2271EAF71AC5C97C00F1B0C0 /* JamomaExperiments */,
			);
			name = Products;
			sourceTree = "<group>";
		};
		22EF290F1B740B2C0013FA2E /* dependencies */ = {
			isa = PBXGroup;
			children = (
				22EF29101B740B2C0013FA2E /* gtest */,
				22EF29121B740B2C0013FA2E /* Mersenne-1.1 */,
				22EF293A1B740B2C0013FA2E /* Murmur3 */,
				22EF293D1B740B2C0013FA2E /* portaudio */,
				22EF294A1B740B2C0013FA2E /* readerwriterqueue-master */,
			);
			name = dependencies;
			path = ../../dependencies;
			sourceTree = "<group>";
		};
		22EF29101B740B2C0013FA2E /* gtest */ = {
			isa = PBXGroup;
			children = (
				22EF29111B740B2C0013FA2E /* gtest-internal.h */,
			);
			path = gtest;
			sourceTree = "<group>";
		};
		22EF29121B740B2C0013FA2E /* Mersenne-1.1 */ = {
			isa = PBXGroup;
			children = (
				22EF29131B740B2C0013FA2E /* example.cpp */,
				22EF29141B740B2C0013FA2E /* Makefile */,
				22EF29151B740B2C0013FA2E /* MersenneTwister.h */,
				22EF29161B740B2C0013FA2E /* MersenneTwister.html */,
				22EF29171B740B2C0013FA2E /* Random.jpg */,
				22EF29181B740B2C0013FA2E /* README */,
				22EF29191B740B2C0013FA2E /* Test */,
			);
			path = "Mersenne-1.1";
			sourceTree = "<group>";
		};
		22EF29191B740B2C0013FA2E /* Test */ = {
			isa = PBXGroup;
			children = (
				22EF291A1B740B2C0013FA2E /* Bedaux */,
				22EF291E1B740B2C0013FA2E /* Blevins */,
				22EF29221B740B2C0013FA2E /* Cokus */,
				22EF29251B740B2C0013FA2E /* Kuenning */,
				22EF29291B740B2C0013FA2E /* Ladd */,
				22EF292D1B740B2C0013FA2E /* Makefile */,
				22EF292E1B740B2C0013FA2E /* Original */,
				22EF29311B740B2C0013FA2E /* Reference.out */,
				22EF29321B740B2C0013FA2E /* Results.sh */,
				22EF29331B740B2C0013FA2E /* Standard */,
				22EF29351B740B2C0013FA2E /* Wagner */,
				22EF29371B740B2C0013FA2E /* Yang */,
			);
			path = Test;
			sourceTree = "<group>";
		};
		22EF291A1B740B2C0013FA2E /* Bedaux */ = {
			isa = PBXGroup;
			children = (
				22EF291B1B740B2C0013FA2E /* Bedaux.cpp */,
				22EF291C1B740B2C0013FA2E /* mtrand.cpp */,
				22EF291D1B740B2C0013FA2E /* mtrand.h */,
			);
			path = Bedaux;
			sourceTree = "<group>";
		};
		22EF291E1B740B2C0013FA2E /* Blevins */ = {
			isa = PBXGroup;
			children = (
				22EF291F1B740B2C0013FA2E /* Blevins.cpp */,
				22EF29201B740B2C0013FA2E /* mt.cc */,
				22EF29211B740B2C0013FA2E /* mt.h */,
			);
			path = Blevins;
			sourceTree = "<group>";
		};
		22EF29221B740B2C0013FA2E /* Cokus */ = {
			isa = PBXGroup;
			children = (
				22EF29231B740B2C0013FA2E /* Cokus.cpp */,
				22EF29241B740B2C0013FA2E /* mt19937ar-cok.c */,
			);
			path = Cokus;
			sourceTree = "<group>";
		};
		22EF29251B740B2C0013FA2E /* Kuenning */ = {
			isa = PBXGroup;
			children = (
				22EF29261B740B2C0013FA2E /* Kuenning.cpp */,
				22EF29271B740B2C0013FA2E /* mtwist.c */,
				22EF29281B740B2C0013FA2E /* mtwist.h */,
			);
			path = Kuenning;
			sourceTree = "<group>";
		};
		22EF29291B740B2C0013FA2E /* Ladd */ = {
			isa = PBXGroup;
			children = (
				22EF292A1B740B2C0013FA2E /* Ladd.cpp */,
				22EF292B1B740B2C0013FA2E /* mtprng.cpp */,
				22EF292C1B740B2C0013FA2E /* mtprng.h */,
			);
			path = Ladd;
			sourceTree = "<group>";
		};
		22EF292E1B740B2C0013FA2E /* Original */ = {
			isa = PBXGroup;
			children = (
				22EF292F1B740B2C0013FA2E /* mt19937ar.c */,
				22EF29301B740B2C0013FA2E /* Original.cpp */,
			);
			path = Original;
			sourceTree = "<group>";
		};
		22EF29331B740B2C0013FA2E /* Standard */ = {
			isa = PBXGroup;
			children = (
				22EF29341B740B2C0013FA2E /* Standard.cpp */,
			);
			path = Standard;
			sourceTree = "<group>";
		};
		22EF29351B740B2C0013FA2E /* Wagner */ = {
			isa = PBXGroup;
			children = (
				22EF29361B740B2C0013FA2E /* Wagner.cpp */,
			);
			path = Wagner;
			sourceTree = "<group>";
		};
		22EF29371B740B2C0013FA2E /* Yang */ = {
			isa = PBXGroup;
			children = (
				22EF29381B740B2C0013FA2E /* mtrnd.h */,
				22EF29391B740B2C0013FA2E /* Yang.cpp */,
			);
			path = Yang;
			sourceTree = "<group>";
		};
		22EF293A1B740B2C0013FA2E /* Murmur3 */ = {
			isa = PBXGroup;
			children = (
				22EF293B1B740B2C0013FA2E /* main.cpp */,
				22EF293C1B740B2C0013FA2E /* Murmur3.h */,
			);
			path = Murmur3;
			sourceTree = "<group>";
		};
		22EF293D1B740B2C0013FA2E /* portaudio */ = {
			isa = PBXGroup;
			children = (
				22EF293E1B740B2C0013FA2E /* include */,
				22EF29491B740B2C0013FA2E /* libportaudio.a */,
			);
			path = portaudio;
			sourceTree = "<group>";
		};
		22EF293E1B740B2C0013FA2E /* include */ = {
			isa = PBXGroup;
			children = (
				22EF293F1B740B2C0013FA2E /* pa_asio.h */,
				22EF29401B740B2C0013FA2E /* pa_jack.h */,
				22EF29411B740B2C0013FA2E /* pa_linux_alsa.h */,
				22EF29421B740B2C0013FA2E /* pa_mac_core.h */,
				22EF29431B740B2C0013FA2E /* pa_win_ds.h */,
				22EF29441B740B2C0013FA2E /* pa_win_wasapi.h */,
				22EF29451B740B2C0013FA2E /* pa_win_waveformat.h */,
				22EF29461B740B2C0013FA2E /* pa_win_wdmks.h */,
				22EF29471B740B2C0013FA2E /* pa_win_wmme.h */,
				22EF29481B740B2C0013FA2E /* portaudio.h */,
			);
			path = include;
			sourceTree = "<group>";
		};
		22EF294A1B740B2C0013FA2E /* readerwriterqueue-master */ = {
			isa = PBXGroup;
			children = (
				22EF294B1B740B2C0013FA2E /* .gitignore */,
				22EF294C1B740B2C0013FA2E /* atomicops.h */,
				22EF294D1B740B2C0013FA2E /* benchmarks */,
				22EF29631B740B2C0013FA2E /* LICENSE.md */,
				22EF29641B740B2C0013FA2E /* readerwriterqueue.h */,
				22EF29651B740B2C0013FA2E /* README.md */,
				22EF29661B740B2C0013FA2E /* tests */,
			);
			path = "readerwriterqueue-master";
			sourceTree = "<group>";
		};
		22EF294D1B740B2C0013FA2E /* benchmarks */ = {
			isa = PBXGroup;
			children = (
				22EF294E1B740B2C0013FA2E /* bench.cpp */,
				22EF294F1B740B2C0013FA2E /* ext */,
				22EF29541B740B2C0013FA2E /* makefile */,
				22EF29551B740B2C0013FA2E /* msvc10 */,
				22EF295B1B740B2C0013FA2E /* msvc12 */,
				22EF29611B740B2C0013FA2E /* systemtime.cpp */,
				22EF29621B740B2C0013FA2E /* systemtime.h */,
			);
			path = benchmarks;
			sourceTree = "<group>";
		};
		22EF294F1B740B2C0013FA2E /* ext */ = {
			isa = PBXGroup;
			children = (
				22EF29501B740B2C0013FA2E /* 1024cores */,
				22EF29521B740B2C0013FA2E /* folly */,
			);
			path = ext;
			sourceTree = "<group>";
		};
		22EF29501B740B2C0013FA2E /* 1024cores */ = {
			isa = PBXGroup;
			children = (
				22EF29511B740B2C0013FA2E /* spscqueue.h */,
			);
			path = 1024cores;
			sourceTree = "<group>";
		};
		22EF29521B740B2C0013FA2E /* folly */ = {
			isa = PBXGroup;
			children = (
				22EF29531B740B2C0013FA2E /* ProducerConsumerQueue.h */,
			);
			path = folly;
			sourceTree = "<group>";
		};
		22EF29551B740B2C0013FA2E /* msvc10 */ = {
			isa = PBXGroup;
			children = (
				22EF29561B740B2C0013FA2E /* winbench-intel.vcxproj */,
				22EF29571B740B2C0013FA2E /* winbench-intel.vcxproj.filters */,
				22EF29581B740B2C0013FA2E /* winbench.sln */,
				22EF29591B740B2C0013FA2E /* winbench.vcxproj */,
				22EF295A1B740B2C0013FA2E /* winbench.vcxproj.filters */,
			);
			path = msvc10;
			sourceTree = "<group>";
		};
		22EF295B1B740B2C0013FA2E /* msvc12 */ = {
			isa = PBXGroup;
			children = (
				22EF295C1B740B2C0013FA2E /* winbench-intel.vcxproj */,
				22EF295D1B740B2C0013FA2E /* winbench-intel.vcxproj.filters */,
				22EF295E1B740B2C0013FA2E /* winbench.sln */,
				22EF295F1B740B2C0013FA2E /* winbench.vcxproj */,
				22EF29601B740B2C0013FA2E /* winbench.vcxproj.filters */,
			);
			path = msvc12;
			sourceTree = "<group>";
		};
		22EF29661B740B2C0013FA2E /* tests */ = {
			isa = PBXGroup;
			children = (
				22EF29671B740B2C0013FA2E /* common */,
				22EF296A1B740B2C0013FA2E /* stabtest */,
				22EF29751B740B2C0013FA2E /* unittests */,
			);
			path = tests;
			sourceTree = "<group>";
		};
		22EF29671B740B2C0013FA2E /* common */ = {
			isa = PBXGroup;
			children = (
				22EF29681B740B2C0013FA2E /* simplethread.cpp */,
				22EF29691B740B2C0013FA2E /* simplethread.h */,
			);
			path = common;
			sourceTree = "<group>";
		};
		22EF296A1B740B2C0013FA2E /* stabtest */ = {
			isa = PBXGroup;
			children = (
				22EF296B1B740B2C0013FA2E /* makefile */,
				22EF296C1B740B2C0013FA2E /* msvc10 */,
				22EF29701B740B2C0013FA2E /* msvc12 */,
				22EF29741B740B2C0013FA2E /* stabtest.cpp */,
			);
			path = stabtest;
			sourceTree = "<group>";
		};
		22EF296C1B740B2C0013FA2E /* msvc10 */ = {
			isa = PBXGroup;
			children = (
				22EF296D1B740B2C0013FA2E /* stabtest.sln */,
				22EF296E1B740B2C0013FA2E /* stabtest.vcxproj */,
				22EF296F1B740B2C0013FA2E /* stabtest.vcxproj.filters */,
			);
			path = msvc10;
			sourceTree = "<group>";
		};
		22EF29701B740B2C0013FA2E /* msvc12 */ = {
			isa = PBXGroup;
			children = (
				22EF29711B740B2C0013FA2E /* stabtest.sln */,
				22EF29721B740B2C0013FA2E /* stabtest.vcxproj */,
				22EF29731B740B2C0013FA2E /* stabtest.vcxproj.filters */,
			);
			path = msvc12;
			sourceTree = "<group>";
		};
		22EF29751B740B2C0013FA2E /* unittests */ = {
			isa = PBXGroup;
			children = (
				22EF29761B740B2C0013FA2E /* makefile */,
				22EF29771B740B2C0013FA2E /* minitest.h */,
				22EF29781B740B2C0013FA2E /* msvc10 */,
				22EF297C1B740B2C0013FA2E /* msvc12 */,
				22EF29801B740B2C0013FA2E /* unittests.cpp */,
			);
			path = unittests;
			sourceTree = "<group>";
		};
		22EF29781B740B2C0013FA2E /* msvc10 */ = {
			isa = PBXGroup;
			children = (
				22EF29791B740B2C0013FA2E /* unittests.sln */,
				22EF297A1B740B2C0013FA2E /* unittests.vcxproj */,
				22EF297B1B740B2C0013FA2E /* unittests.vcxproj.filters */,
			);
			path = msvc10;
			sourceTree = "<group>";
		};
		22EF297C1B740B2C0013FA2E /* msvc12 */ = {
			isa = PBXGroup;
			children = (
				22EF297D1B740B2C0013FA2E /* unittests.sln */,
				22EF297E1B740B2C0013FA2E /* unittests.vcxproj */,
				22EF297F1B740B2C0013FA2E /* unittests.vcxproj.filters */,
			);
			path = msvc12;
			sourceTree = "<group>";
		};
/* End PBXGroup section */

/* Begin PBXNativeTarget section */
		2271EAF61AC5C97C00F1B0C0 /* JamomaExperiments */ = {
			isa = PBXNativeTarget;
			buildConfigurationList = 2271EAFE1AC5C97C00F1B0C0 /* Build configuration list for PBXNativeTarget "JamomaExperiments" */;
			buildPhases = (
				2271EAF31AC5C97C00F1B0C0 /* Sources */,
				2271EAF41AC5C97C00F1B0C0 /* Frameworks */,
				2271EAF51AC5C97C00F1B0C0 /* CopyFiles */,
			);
			buildRules = (
			);
			dependencies = (
			);
			name = JamomaExperiments;
			productName = JamomaExperiments;
			productReference = 2271EAF71AC5C97C00F1B0C0 /* JamomaExperiments */;
			productType = "com.apple.product-type.tool";
		};
/* End PBXNativeTarget section */

/* Begin PBXProject section */
		2271EAEF1AC5C97C00F1B0C0 /* Project object */ = {
			isa = PBXProject;
			attributes = {
				LastUpgradeCheck = 0610;
				ORGANIZATIONNAME = jamoma;
				TargetAttributes = {
					2271EAF61AC5C97C00F1B0C0 = {
						CreatedOnToolsVersion = 6.1.1;
					};
				};
			};
			buildConfigurationList = 2271EAF21AC5C97C00F1B0C0 /* Build configuration list for PBXProject "simple" */;
			compatibilityVersion = "Xcode 3.2";
			developmentRegion = English;
			hasScannedForEncodings = 0;
			knownRegions = (
				en,
			);
			mainGroup = 2271EAEE1AC5C97C00F1B0C0;
			productRefGroup = 2271EAF81AC5C97C00F1B0C0 /* Products */;
			projectDirPath = "";
			projectRoot = "";
			targets = (
				2271EAF61AC5C97C00F1B0C0 /* JamomaExperiments */,
			);
		};
/* End PBXProject section */

/* Begin PBXSourcesBuildPhase section */
		2271EAF31AC5C97C00F1B0C0 /* Sources */ = {
			isa = PBXSourcesBuildPhase;
			buildActionMask = 2147483647;
			files = (
				228D510C1B629DB0007024D6 /* simple.cpp in Sources */,
			);
			runOnlyForDeploymentPostprocessing = 0;
		};
/* End PBXSourcesBuildPhase section */

/* Begin XCBuildConfiguration section */
		2271EAFC1AC5C97C00F1B0C0 /* Debug */ = {
			isa = XCBuildConfiguration;
			buildSettings = {
				ALWAYS_SEARCH_USER_PATHS = NO;
				CLANG_CXX_LANGUAGE_STANDARD = "gnu++0x";
				CLANG_CXX_LIBRARY = "libc++";
				CLANG_ENABLE_MODULES = YES;
				CLANG_ENABLE_OBJC_ARC = YES;
				CLANG_WARN_BOOL_CONVERSION = YES;
				CLANG_WARN_CONSTANT_CONVERSION = YES;
				CLANG_WARN_DIRECT_OBJC_ISA_USAGE = YES_ERROR;
				CLANG_WARN_EMPTY_BODY = YES;
				CLANG_WARN_ENUM_CONVERSION = YES;
				CLANG_WARN_INT_CONVERSION = YES;
				CLANG_WARN_OBJC_ROOT_CLASS = YES_ERROR;
				CLANG_WARN_UNREACHABLE_CODE = YES;
				CLANG_WARN__DUPLICATE_METHOD_MATCH = YES;
				COPY_PHASE_STRIP = NO;
				ENABLE_STRICT_OBJC_MSGSEND = YES;
				GCC_C_LANGUAGE_STANDARD = gnu99;
				GCC_DYNAMIC_NO_PIC = NO;
				GCC_OPTIMIZATION_LEVEL = 0;
				GCC_PREPROCESSOR_DEFINITIONS = (
					"DEBUG=1",
					"$(inherited)",
				);
				GCC_SYMBOLS_PRIVATE_EXTERN = NO;
				GCC_WARN_64_TO_32_BIT_CONVERSION = YES;
				GCC_WARN_ABOUT_RETURN_TYPE = YES_ERROR;
				GCC_WARN_UNDECLARED_SELECTOR = YES;
				GCC_WARN_UNINITIALIZED_AUTOS = YES_AGGRESSIVE;
				GCC_WARN_UNUSED_FUNCTION = YES;
				GCC_WARN_UNUSED_VARIABLE = YES;
				MACOSX_DEPLOYMENT_TARGET = 10.10;
				MTL_ENABLE_DEBUG_INFO = YES;
				ONLY_ACTIVE_ARCH = YES;
				SDKROOT = macosx;
			};
			name = Debug;
		};
		2271EAFD1AC5C97C00F1B0C0 /* Release */ = {
			isa = XCBuildConfiguration;
			buildSettings = {
				ALWAYS_SEARCH_USER_PATHS = NO;
				CLANG_CXX_LANGUAGE_STANDARD = "gnu++0x";
				CLANG_CXX_LIBRARY = "libc++";
				CLANG_ENABLE_MODULES = YES;
				CLANG_ENABLE_OBJC_ARC = YES;
				CLANG_WARN_BOOL_CONVERSION = YES;
				CLANG_WARN_CONSTANT_CONVERSION = YES;
				CLANG_WARN_DIRECT_OBJC_ISA_USAGE = YES_ERROR;
				CLANG_WARN_EMPTY_BODY = YES;
				CLANG_WARN_ENUM_CONVERSION = YES;
				CLANG_WARN_INT_CONVERSION = YES;
				CLANG_WARN_OBJC_ROOT_CLASS = YES_ERROR;
				CLANG_WARN_UNREACHABLE_CODE = YES;
				CLANG_WARN__DUPLICATE_METHOD_MATCH = YES;
				COPY_PHASE_STRIP = YES;
				DEBUG_INFORMATION_FORMAT = "dwarf-with-dsym";
				ENABLE_NS_ASSERTIONS = NO;
				ENABLE_STRICT_OBJC_MSGSEND = YES;
				GCC_C_LANGUAGE_STANDARD = gnu99;
				GCC_WARN_64_TO_32_BIT_CONVERSION = YES;
				GCC_WARN_ABOUT_RETURN_TYPE = YES_ERROR;
				GCC_WARN_UNDECLARED_SELECTOR = YES;
				GCC_WARN_UNINITIALIZED_AUTOS = YES_AGGRESSIVE;
				GCC_WARN_UNUSED_FUNCTION = YES;
				GCC_WARN_UNUSED_VARIABLE = YES;
				MACOSX_DEPLOYMENT_TARGET = 10.10;
				MTL_ENABLE_DEBUG_INFO = NO;
				SDKROOT = macosx;
			};
			name = Release;
		};
		2271EAFF1AC5C97C00F1B0C0 /* Debug */ = {
			isa = XCBuildConfiguration;
			buildSettings = {
				CLANG_CXX_LANGUAGE_STANDARD = "c++14";
				CLANG_ENABLE_OBJC_ARC = NO;
				HEADER_SEARCH_PATHS = (
					"$(SRCROOT)/../../includes/**",
					"$(inherited)",
					/Applications/Xcode.app/Contents/Developer/Toolchains/XcodeDefault.xctoolchain/usr/include,
				);
				LIBRARY_SEARCH_PATHS = (
					"$(inherited)",
					"$(PROJECT_DIR)/../dependencies/portaudio",
					/Users/tim/Code/Jamoma2/dependencies/portaudio,
				);
				PRODUCT_NAME = "$(TARGET_NAME)";
			};
			name = Debug;
		};
		2271EB001AC5C97C00F1B0C0 /* Release */ = {
			isa = XCBuildConfiguration;
			buildSettings = {
				CLANG_CXX_LANGUAGE_STANDARD = "c++14";
				CLANG_ENABLE_OBJC_ARC = NO;
				HEADER_SEARCH_PATHS = (
					"$(SRCROOT)/../../includes/**",
					"$(inherited)",
					/Applications/Xcode.app/Contents/Developer/Toolchains/XcodeDefault.xctoolchain/usr/include,
				);
				LIBRARY_SEARCH_PATHS = (
					"$(inherited)",
					"$(PROJECT_DIR)/../dependencies/portaudio",
					/Users/tim/Code/Jamoma2/dependencies/portaudio,
				);
				PRODUCT_NAME = "$(TARGET_NAME)";
			};
			name = Release;
		};
/* End XCBuildConfiguration section */

/* Begin XCConfigurationList section */
		2271EAF21AC5C97C00F1B0C0 /* Build configuration list for PBXProject "simple" */ = {
			isa = XCConfigurationList;
			buildConfigurations = (
				2271EAFC1AC5C97C00F1B0C0 /* Debug */,
				2271EAFD1AC5C97C00F1B0C0 /* Release */,
			);
			defaultConfigurationIsVisible = 0;
			defaultConfigurationName = Release;
		};
		2271EAFE1AC5C97C00F1B0C0 /* Build configuration list for PBXNativeTarget "JamomaExperiments" */ = {
			isa = XCConfigurationList;
			buildConfigurations = (
				2271EAFF1AC5C97C00F1B0C0 /* Debug */,
				2271EB001AC5C97C00F1B0C0 /* Release */,
			);
			defaultConfigurationIsVisible = 0;
			defaultConfigurationName = Release;
		};
/* End XCConfigurationList section */
	};
	rootObject = 2271EAEF1AC5C97C00F1B0C0 /* Project object */;
}
